
Microsoft Visual Studio Solution File, Format Version 12.00
# Visual Studio Version 16
VisualStudioVersion = 16.0.30309.148
MinimumVisualStudioVersion = 10.0.40219.1
Project("{9A19103F-16F7-4668-BE54-9A1E7A4F7556}") = "School.Common", "School.Common\School.Common.csproj", "{40EECCF8-F425-4DA3-B9C8-63383B84FB0A}"
EndProject
Project("{FAE04EC0-301F-11D3-BF4B-00C04F79EFBC}") = "School.Web", "School.Web\School.Web.csproj", "{9C0BD243-3F1A-4D21-B6A2-BDA2D45FD203}"
EndProject
Global
	GlobalSection(SolutionConfigurationPlatforms) = preSolution
		Debug|Any CPU = Debug|Any CPU
		Release|Any CPU = Release|Any CPU
	EndGlobalSection
	GlobalSection(ProjectConfigurationPlatforms) = postSolution
		{40EECCF8-F425-4DA3-B9C8-63383B84FB0A}.Debug|Any CPU.ActiveCfg = Debug|Any CPU
		{40EECCF8-F425-4DA3-B9C8-63383B84FB0A}.Debug|Any CPU.Build.0 = Debug|Any CPU
		{40EECCF8-F425-4DA3-B9C8-63383B84FB0A}.Release|Any CPU.ActiveCfg = Release|Any CPU
		{40EECCF8-F425-4DA3-B9C8-63383B84FB0A}.Release|Any CPU.Build.0 = Release|Any CPU
		{9C0BD243-3F1A-4D21-B6A2-BDA2D45FD203}.Debug|Any CPU.ActiveCfg = Debug|Any CPU
		{9C0BD243-3F1A-4D21-B6A2-BDA2D45FD203}.Debug|Any CPU.Build.0 = Debug|Any CPU
		{9C0BD243-3F1A-4D21-B6A2-BDA2D45FD203}.Release|Any CPU.ActiveCfg = Release|Any CPU
		{9C0BD243-3F1A-4D21-B6A2-BDA2D45FD203}.Release|Any CPU.Build.0 = Release|Any CPU
	EndGlobalSection
	GlobalSection(SolutionProperties) = preSolution
		HideSolutionNode = FALSE
	EndGlobalSection
	GlobalSection(ExtensibilityGlobals) = postSolution
		SolutionGuid = {D42E8603-10CC-4658-B413-8027278BC42C}
	EndGlobalSection
EndGlobal
